Microsoft Visual Studio Solution File, Format Version 12.00
# Visual Studio Version 17
VisualStudioVersion = 17.5.2.0
MinimumVisualStudioVersion = 10.0.40219.1
Project("{FAE04EC0-301F-11D3-BF4B-00C04F79EFBC}") = "Cours1", "Cours1.csproj", "{E0A7A0FD-61BC-CBC6-01F5-42F005A101F7}"
EndProject
Global
	GlobalSection(SolutionConfigurationPlatforms) = preSolution
		Debug|Any CPU = Debug|Any CPU
		Release|Any CPU = Release|Any CPU
	EndGlobalSection
	GlobalSection(ProjectConfigurationPlatforms) = postSolution
		{E0A7A0FD-61BC-CBC6-01F5-42F005A101F7}.Debug|Any CPU.ActiveCfg = Debug|Any CPU
		{E0A7A0FD-61BC-CBC6-01F5-42F005A101F7}.Debug|Any CPU.Build.0 = Debug|Any CPU
		{E0A7A0FD-61BC-CBC6-01F5-42F005A101F7}.Release|Any CPU.ActiveCfg = Release|Any CPU
		{E0A7A0FD-61BC-CBC6-01F5-42F005A101F7}.Release|Any CPU.Build.0 = Release|Any CPU
	EndGlobalSection
	GlobalSection(SolutionProperties) = preSolution
		HideSolutionNode = FALSE
	EndGlobalSection
	GlobalSection(ExtensibilityGlobals) = postSolution
		SolutionGuid = {3AB12487-D2F9-4AF1-B6A9-C56EB4B0555F}
	EndGlobalSection
EndGlobal
